
Microsoft Visual Studio Solution File, Format Version 12.00
# Visual Studio Version 16
VisualStudioVersion = 16.0.30611.23
MinimumVisualStudioVersion = 10.0.40219.1
Project("{FAE04EC0-301F-11D3-BF4B-00C04F79EFBC}") = "QGoLF.UWP", "QGoLF.UWP\QGoLF.UWP.csproj", "{957E45B3-2A78-41B5-97FA-C782A11B5C29}"
EndProject
Project("{FAE04EC0-301F-11D3-BF4B-00C04F79EFBC}") = "QGoLF.Android", "QGoLF.Android\QGoLF.Android.csproj", "{6FDF1511-EDF2-4519-AA73-C838BFFB7C18}"
EndProject
Project("{FAE04EC0-301F-11D3-BF4B-00C04F79EFBC}") = "QGoLF", "QGoLF\QGoLF.csproj", "{296BFFBC-1742-40C8-A4A4-B957F365AC12}"
EndProject
Global
	GlobalSection(SolutionConfigurationPlatforms) = preSolution
		Debug|Any CPU = Debug|Any CPU
		Debug|ARM = Debug|ARM
		Debug|x64 = Debug|x64
		Debug|x86 = Debug|x86
		Release|Any CPU = Release|Any CPU
		Release|ARM = Release|ARM
		Release|x64 = Release|x64
		Release|x86 = Release|x86
	EndGlobalSection
	GlobalSection(ProjectConfigurationPlatforms) = postSolution
		{957E45B3-2A78-41B5-97FA-C782A11B5C29}.Debug|Any CPU.ActiveCfg = Debug|x86
		{957E45B3-2A78-41B5-97FA-C782A11B5C29}.Debug|Any CPU.Build.0 = Debug|x86
		{957E45B3-2A78-41B5-97FA-C782A11B5C29}.Debug|Any CPU.Deploy.0 = Debug|x86
		{957E45B3-2A78-41B5-97FA-C782A11B5C29}.Debug|ARM.ActiveCfg = Debug|ARM
		{957E45B3-2A78-41B5-97FA-C782A11B5C29}.Debug|ARM.Build.0 = Debug|ARM
		{957E45B3-2A78-41B5-97FA-C782A11B5C29}.Debug|ARM.Deploy.0 = Debug|ARM
		{957E45B3-2A78-41B5-97FA-C782A11B5C29}.Debug|x64.ActiveCfg = Debug|x64
		{957E45B3-2A78-41B5-97FA-C782A11B5C29}.Debug|x64.Build.0 = Debug|x64
		{957E45B3-2A78-41B5-97FA-C782A11B5C29}.Debug|x64.Deploy.0 = Debug|x64
		{957E45B3-2A78-41B5-97FA-C782A11B5C29}.Debug|x86.ActiveCfg = Debug|x86
		{957E45B3-2A78-41B5-97FA-C782A11B5C29}.Debug|x86.Build.0 = Debug|x86
		{957E45B3-2A78-41B5-97FA-C782A11B5C29}.Debug|x86.Deploy.0 = Debug|x86
		{957E45B3-2A78-41B5-97FA-C782A11B5C29}.Release|Any CPU.ActiveCfg = Release|x86
		{957E45B3-2A78-41B5-97FA-C782A11B5C29}.Release|Any CPU.Build.0 = Release|x86
		{957E45B3-2A78-41B5-97FA-C782A11B5C29}.Release|Any CPU.Deploy.0 = Release|x86
		{957E45B3-2A78-41B5-97FA-C782A11B5C29}.Release|ARM.ActiveCfg = Release|ARM
		{957E45B3-2A78-41B5-97FA-C782A11B5C29}.Release|ARM.Build.0 = Release|ARM
		{957E45B3-2A78-41B5-97FA-C782A11B5C29}.Release|ARM.Deploy.0 = Release|ARM
		{957E45B3-2A78-41B5-97FA-C782A11B5C29}.Release|x64.ActiveCfg = Release|x64
		{957E45B3-2A78-41B5-97FA-C782A11B5C29}.Release|x64.Build.0 = Release|x64
		{957E45B3-2A78-41B5-97FA-C782A11B5C29}.Release|x64.Deploy.0 = Release|x64
		{957E45B3-2A78-41B5-97FA-C782A11B5C29}.Release|x86.ActiveCfg = Release|x86
		{957E45B3-2A78-41B5-97FA-C782A11B5C29}.Release|x86.Build.0 = Release|x86
		{957E45B3-2A78-41B5-97FA-C782A11B5C29}.Release|x86.Deploy.0 = Release|x86
		{6FDF1511-EDF2-4519-AA73-C838BFFB7C18}.Debug|Any CPU.ActiveCfg = Debug|Any CPU
		{6FDF1511-EDF2-4519-AA73-C838BFFB7C18}.Debug|Any CPU.Build.0 = Debug|Any CPU
		{6FDF1511-EDF2-4519-AA73-C838BFFB7C18}.Debug|Any CPU.Deploy.0 = Debug|Any CPU
		{6FDF1511-EDF2-4519-AA73-C838BFFB7C18}.Debug|ARM.ActiveCfg = Debug|Any CPU
		{6FDF1511-EDF2-4519-AA73-C838BFFB7C18}.Debug|ARM.Build.0 = Debug|Any CPU
		{6FDF1511-EDF2-4519-AA73-C838BFFB7C18}.Debug|ARM.Deploy.0 = Debug|Any CPU
		{6FDF1511-EDF2-4519-AA73-C838BFFB7C18}.Debug|x64.ActiveCfg = Debug|Any CPU
		{6FDF1511-EDF2-4519-AA73-C838BFFB7C18}.Debug|x64.Build.0 = Debug|Any CPU
		{6FDF1511-EDF2-4519-AA73-C838BFFB7C18}.Debug|x64.Deploy.0 = Debug|Any CPU
		{6FDF1511-EDF2-4519-AA73-C838BFFB7C18}.Debug|x86.ActiveCfg = Debug|Any CPU
		{6FDF1511-EDF2-4519-AA73-C838BFFB7C18}.Debug|x86.Build.0 = Debug|Any CPU
		{6FDF1511-EDF2-4519-AA73-C838BFFB7C18}.Debug|x86.Deploy.0 = Debug|Any CPU
		{6FDF1511-EDF2-4519-AA73-C838BFFB7C18}.Release|Any CPU.ActiveCfg = Release|Any CPU
		{6FDF1511-EDF2-4519-AA73-C838BFFB7C18}.Release|Any CPU.Build.0 = Release|Any CPU
		{6FDF1511-EDF2-4519-AA73-C838BFFB7C18}.Release|Any CPU.Deploy.0 = Release|Any CPU
		{6FDF1511-EDF2-4519-AA73-C838BFFB7C18}.Release|ARM.ActiveCfg = Release|Any CPU
		{6FDF1511-EDF2-4519-AA73-C838BFFB7C18}.Release|ARM.Build.0 = Release|Any CPU
		{6FDF1511-EDF2-4519-AA73-C838BFFB7C18}.Release|ARM.Deploy.0 = Release|Any CPU
		{6FDF1511-EDF2-4519-AA73-C838BFFB7C18}.Release|x64.ActiveCfg = Release|Any CPU
		{6FDF1511-EDF2-4519-AA73-C838BFFB7C18}.Release|x64.Build.0 = Release|Any CPU
		{6FDF1511-EDF2-4519-AA73-C838BFFB7C18}.Release|x64.Deploy.0 = Release|Any CPU
		{6FDF1511-EDF2-4519-AA73-C838BFFB7C18}.Release|x86.ActiveCfg = Release|Any CPU
		{6FDF1511-EDF2-4519-AA73-C838BFFB7C18}.Release|x86.Build.0 = Release|Any CPU
		{6FDF1511-EDF2-4519-AA73-C838BFFB7C18}.Release|x86.Deploy.0 = Release|Any CPU
		{296BFFBC-1742-40C8-A4A4-B957F365AC12}.Debug|Any CPU.ActiveCfg = Debug|Any CPU
		{296BFFBC-1742-40C8-A4A4-B957F365AC12}.Debug|Any CPU.Build.0 = Debug|Any CPU
		{296BFFBC-1742-40C8-A4A4-B957F365AC12}.Debug|Any CPU.Deploy.0 = Debug|Any CPU
		{296BFFBC-1742-40C8-A4A4-B957F365AC12}.Debug|ARM.ActiveCfg = Debug|Any CPU
		{296BFFBC-1742-40C8-A4A4-B957F365AC12}.Debug|ARM.Build.0 = Debug|Any CPU
		{296BFFBC-1742-40C8-A4A4-B957F365AC12}.Debug|ARM.Deploy.0 = Debug|Any CPU
		{296BFFBC-1742-40C8-A4A4-B957F365AC12}.Debug|x64.ActiveCfg = Debug|Any CPU
		{296BFFBC-1742-40C8-A4A4-B957F365AC12}.Debug|x64.Build.0 = Debug|Any CPU
		{296BFFBC-1742-40C8-A4A4-B957F365AC12}.Debug|x64.Deploy.0 = Debug|Any CPU
		{296BFFBC-1742-40C8-A4A4-B957F365AC12}.Debug|x86.ActiveCfg = Debug|Any CPU
		{296BFFBC-1742-40C8-A4A4-B957F365AC12}.Debug|x86.Build.0 = Debug|Any CPU
		{296BFFBC-1742-40C8-A4A4-B957F365AC12}.Debug|x86.Deploy.0 = Debug|Any CPU
		{296BFFBC-1742-40C8-A4A4-B957F365AC12}.Release|Any CPU.ActiveCfg = Release|Any CPU
		{296BFFBC-1742-40C8-A4A4-B957F365AC12}.Release|Any CPU.Build.0 = Release|Any CPU
		{296BFFBC-1742-40C8-A4A4-B957F365AC12}.Release|Any CPU.Deploy.0 = Release|Any CPU
		{296BFFBC-1742-40C8-A4A4-B957F365AC12}.Release|ARM.ActiveCfg = Release|Any CPU
		{296BFFBC-1742-40C8-A4A4-B957F365AC12}.Release|ARM.Build.0 = Release|Any CPU
		{296BFFBC-1742-40C8-A4A4-B957F365AC12}.Release|ARM.Deploy.0 = Release|Any CPU
		{296BFFBC-1742-40C8-A4A4-B957F365AC12}.Release|x64.ActiveCfg = Release|Any CPU
		{296BFFBC-1742-40C8-A4A4-B957F365AC12}.Release|x64.Build.0 = Release|Any CPU
		{296BFFBC-1742-40C8-A4A4-B957F365AC12}.Release|x64.Deploy.0 = Release|Any CPU
		{296BFFBC-1742-40C8-A4A4-B957F365AC12}.Release|x86.ActiveCfg = Release|Any CPU
		{296BFFBC-1742-40C8-A4A4-B957F365AC12}.Release|x86.Build.0 = Release|Any CPU
		{296BFFBC-1742-40C8-A4A4-B957F365AC12}.Release|x86.Deploy.0 = Release|Any CPU
	EndGlobalSection
	GlobalSection(SolutionProperties) = preSolution
		HideSolutionNode = FALSE
	EndGlobalSection
	GlobalSection(ExtensibilityGlobals) = postSolution
		SolutionGuid = {D8CD31B8-2AD7-45A5-B877-3209AC8F368A}
	EndGlobalSection
EndGlobal
